
Microsoft Visual Studio Solution File, Format Version 12.00
# Visual Studio 15
Project("{FAE04EC0-301F-11D3-BF4B-00C04F79EFBC}") = "Assembly-CSharp", "Assembly-CSharp.csproj", "{659B4F2F-8F6F-FA58-5BA3-59E11130DA80}"
EndProject
Global
	GlobalSection(SolutionConfigurationPlatforms) = preSolution
		Debug|Any CPU = Debug|Any CPU
		Release|Any CPU = Release|Any CPU
	EndGlobalSection
	GlobalSection(ProjectConfigurationPlatforms) = postSolution
		{659B4F2F-8F6F-FA58-5BA3-59E11130DA80}.Debug|Any CPU.ActiveCfg = Debug|Any CPU
		{659B4F2F-8F6F-FA58-5BA3-59E11130DA80}.Debug|Any CPU.Build.0 = Debug|Any CPU
		{659B4F2F-8F6F-FA58-5BA3-59E11130DA80}.Release|Any CPU.ActiveCfg = Release|Any CPU
		{659B4F2F-8F6F-FA58-5BA3-59E11130DA80}.Release|Any CPU.Build.0 = Release|Any CPU
	EndGlobalSection
	GlobalSection(SolutionProperties) = preSolution
		HideSolutionNode = FALSE
	EndGlobalSection
EndGlobal
